lockfileVersion: '6.0'

dependencies:
  alea-generator:
    specifier: ^1.0.0
    version: 1.0.0

devDependencies:
  typescript:
    specifier: ^5.0.4
    version: 5.0.4

packages:

  /alea-generator@1.0.0:
    resolution: {integrity: sha512-2oJPkLryhx+WOvUCEMNYTkJ4IWW4gGmQnd3nGft7NVtwL/lorZXACUScXEGZgBEQ0Sc2msCaxG2VZvimPtjESQ==}
    dev: false

  /typescript@5.0.4:
    resolution: {integrity: sha512-cW9T5W9xY37cc+jfEnaUvX91foxtHkza3Nw3wkoF4sSlKn0MONdkdEndig/qPBWXNkmplh3NzayQzCiHM4/hqw==}
    engines: {node: '>=12.20'}
    hasBin: true
    dev: true
